{
  "originHash" : "58a0f12d57e025369d6bba2c31f5947dc567452b46ff667ee50bf34abc599cb6",
  "pins" : [
    {
      "identity" : "keyboardobserving",
      "kind" : "remoteSourceControl",
      "location" : "https://github.com/nickffox/KeyboardObserving",
      "state" : {
        "revision" : "26c0c913c11f0ee77006740ca1d8b478d222184f",
        "version" : "0.3.0"
      }
    },
    {
      "identity" : "purchases-ios",
      "kind" : "remoteSourceControl",
      "location" : "https://github.com/RevenueCat/purchases-ios.git",
      "state" : {
        "revision" : "df3b61885c2cdbd1967daececa813300295036db",
        "version" : "3.9.2"
      }
    },
    {
      "identity" : "swift-log",
      "kind" : "remoteSourceControl",
      "location" : "https://github.com/apple/swift-log.git",
      "state" : {
        "revision" : "173f567a2dfec11d74588eea82cecea555bdc0bc",
        "version" : "1.4.0"
      }
    },
    {
      "identity" : "valet",
      "kind" : "remoteSourceControl",
      "location" : "https://github.com/Square/Valet",
      "state" : {
        "revision" : "c9e7a1e5e0cb73f07cafb403c53c4922e22e5357",
        "version" : "4.1.1"
      }
    }
  ],
  "version" : 3
}
