// !$*UTF8*$!
{
	archiveVersion = 1;
	classes = {
	};
	objectVersion = 50;
	objects = {

/* Begin PBXBuildFile section */
		1A0F71E323DDCD1F00B0726D /* CloudKit.framework in Frameworks */ = {isa = PBXBuildFile; fileRef = 1A0F71E223DDCD1F00B0726D /* CloudKit.framework */; };
		1A0F71E523DDE8A800B0726D /* TipCalculatorModel.swift in Sources */ = {isa = PBXBuildFile; fileRef = 1A0F71E423DDE8A800B0726D /* TipCalculatorModel.swift */; };
		1AA3D35923DDC20300F07452 /* AppDelegate.swift in Sources */ = {isa = PBXBuildFile; fileRef = 1AA3D35823DDC20300F07452 /* AppDelegate.swift */; };
		1AA3D35B23DDC20300F07452 /* SceneDelegate.swift in Sources */ = {isa = PBXBuildFile; fileRef = 1AA3D35A23DDC20300F07452 /* SceneDelegate.swift */; };
		1AA3D35E23DDC20400F07452 /* TipCalc.xcdatamodeld in Sources */ = {isa = PBXBuildFile; fileRef = 1AA3D35C23DDC20400F07452 /* TipCalc.xcdatamodeld */; };
		1AA3D36023DDC20400F07452 /* ContentView.swift in Sources */ = {isa = PBXBuildFile; fileRef = 1AA3D35F23DDC20400F07452 /* ContentView.swift */; };
		1AA3D36223DDC20800F07452 /* Assets.xcassets in Resources */ = {isa = PBXBuildFile; fileRef = 1AA3D36123DDC20800F07452 /* Assets.xcassets */; };
		1AA3D36523DDC20800F07452 /* Preview Assets.xcassets in Resources */ = {isa = PBXBuildFile; fileRef = 1AA3D36423DDC20800F07452 /* Preview Assets.xcassets */; };
		1AA3D36823DDC20800F07452 /* LaunchScreen.storyboard in Resources */ = {isa = PBXBuildFile; fileRef = 1AA3D36623DDC20800F07452 /* LaunchScreen.storyboard */; };
		1AA3D37323DDC20800F07452 /* TipCalcTests.swift in Sources */ = {isa = PBXBuildFile; fileRef = 1AA3D37223DDC20800F07452 /* TipCalcTests.swift */; };
		1AA3D37E23DDC20800F07452 /* TipCalcUITests.swift in Sources */ = {isa = PBXBuildFile; fileRef = 1AA3D37D23DDC20800F07452 /* TipCalcUITests.swift */; };
/* End PBXBuildFile section */

/* Begin PBXContainerItemProxy section */
		1AA3D36F23DDC20800F07452 /* PBXContainerItemProxy */ = {
			isa = PBXContainerItemProxy;
			containerPortal = 1AA3D34D23DDC20300F07452 /* Project object */;
			proxyType = 1;
			remoteGlobalIDString = 1AA3D35423DDC20300F07452;
			remoteInfo = TipCalc;
		};
		1AA3D37A23DDC20800F07452 /* PBXContainerItemProxy */ = {
			isa = PBXContainerItemProxy;
			containerPortal = 1AA3D34D23DDC20300F07452 /* Project object */;
			proxyType = 1;
			remoteGlobalIDString = 1AA3D35423DDC20300F07452;
			remoteInfo = TipCalc;
		};
/* End PBXContainerItemProxy section */

/* Begin PBXFileReference section */
		1A0F71E223DDCD1F00B0726D /* CloudKit.framework */ = {isa = PBXFileReference; lastKnownFileType = wrapper.framework; name = CloudKit.framework; path = System/Library/Frameworks/CloudKit.framework; sourceTree = SDKROOT; };
		1A0F71E423DDE8A800B0726D /* TipCalculatorModel.swift */ = {isa = PBXFileReference; fileEncoding = 4; lastKnownFileType = sourcecode.swift; path = TipCalculatorModel.swift; sourceTree = "<group>"; };
		1AA3D35523DDC20300F07452 /* TipCalc.app */ = {isa = PBXFileReference; explicitFileType = wrapper.application; includeInIndex = 0; path = TipCalc.app; sourceTree = BUILT_PRODUCTS_DIR; };
		1AA3D35823DDC20300F07452 /* AppDelegate.swift */ = {isa = PBXFileReference; lastKnownFileType = sourcecode.swift; path = AppDelegate.swift; sourceTree = "<group>"; };
		1AA3D35A23DDC20300F07452 /* SceneDelegate.swift */ = {isa = PBXFileReference; lastKnownFileType = sourcecode.swift; path = SceneDelegate.swift; sourceTree = "<group>"; };
		1AA3D35D23DDC20400F07452 /* TipCalc.xcdatamodel */ = {isa = PBXFileReference; lastKnownFileType = wrapper.xcdatamodel; path = TipCalc.xcdatamodel; sourceTree = "<group>"; };
		1AA3D35F23DDC20400F07452 /* ContentView.swift */ = {isa = PBXFileReference; lastKnownFileType = sourcecode.swift; path = ContentView.swift; sourceTree = "<group>"; };
		1AA3D36123DDC20800F07452 /* Assets.xcassets */ = {isa = PBXFileReference; lastKnownFileType = folder.assetcatalog; path = Assets.xcassets; sourceTree = "<group>"; };
		1AA3D36423DDC20800F07452 /* Preview Assets.xcassets */ = {isa = PBXFileReference; lastKnownFileType = folder.assetcatalog; path = "Preview Assets.xcassets"; sourceTree = "<group>"; };
		1AA3D36723DDC20800F07452 /* Base */ = {isa = PBXFileReference; lastKnownFileType = file.storyboard; name = Base; path = Base.lproj/LaunchScreen.storyboard; sourceTree = "<group>"; };
		1AA3D36923DDC20800F07452 /* Info.plist */ = {isa = PBXFileReference; lastKnownFileType = text.plist.xml; path = Info.plist; sourceTree = "<group>"; };
		1AA3D36E23DDC20800F07452 /* TipCalcTests.xctest */ = {isa = PBXFileReference; explicitFileType = wrapper.cfbundle; includeInIndex = 0; path = TipCalcTests.xctest; sourceTree = BUILT_PRODUCTS_DIR; };
		1AA3D37223DDC20800F07452 /* TipCalcTests.swift */ = {isa = PBXFileReference; lastKnownFileType = sourcecode.swift; path = TipCalcTests.swift; sourceTree = "<group>"; };
		1AA3D37423DDC20800F07452 /* Info.plist */ = {isa = PBXFileReference; lastKnownFileType = text.plist.xml; path = Info.plist; sourceTree = "<group>"; };
		1AA3D37923DDC20800F07452 /* TipCalcUITests.xctest */ = {isa = PBXFileReference; explicitFileType = wrapper.cfbundle; includeInIndex = 0; path = TipCalcUITests.xctest; sourceTree = BUILT_PRODUCTS_DIR; };
		1AA3D37D23DDC20800F07452 /* TipCalcUITests.swift */ = {isa = PBXFileReference; lastKnownFileType = sourcecode.swift; path = TipCalcUITests.swift; sourceTree = "<group>"; };
		1AA3D37F23DDC20800F07452 /* Info.plist */ = {isa = PBXFileReference; lastKnownFileType = text.plist.xml; path = Info.plist; sourceTree = "<group>"; };
		1AA3D38B23DDCC5100F07452 /* TipCalc.entitlements */ = {isa = PBXFileReference; lastKnownFileType = text.plist.entitlements; path = TipCalc.entitlements; sourceTree = "<group>"; };
/* End PBXFileReference section */

/* Begin PBXFrameworksBuildPhase section */
		1AA3D35223DDC20300F07452 /* Frameworks */ = {
			isa = PBXFrameworksBuildPhase;
			buildActionMask = 2147483647;
			files = (
				1A0F71E323DDCD1F00B0726D /* CloudKit.framework in Frameworks */,
			);
			runOnlyForDeploymentPostprocessing = 0;
		};
		1AA3D36B23DDC20800F07452 /* Frameworks */ = {
			isa = PBXFrameworksBuildPhase;
			buildActionMask = 2147483647;
			files = (
			);
			runOnlyForDeploymentPostprocessing = 0;
		};
		1AA3D37623DDC20800F07452 /* Frameworks */ = {
			isa = PBXFrameworksBuildPhase;
			buildActionMask = 2147483647;
			files = (
			);
			runOnlyForDeploymentPostprocessing = 0;
		};
/* End PBXFrameworksBuildPhase section */

/* Begin PBXGroup section */
		1A0F71E123DDCD1F00B0726D /* Frameworks */ = {
			isa = PBXGroup;
			children = (
				1A0F71E223DDCD1F00B0726D /* CloudKit.framework */,
			);
			name = Frameworks;
			sourceTree = "<group>";
		};
		1AA3D34C23DDC20300F07452 = {
			isa = PBXGroup;
			children = (
				1AA3D35723DDC20300F07452 /* TipCalc */,
				1AA3D37123DDC20800F07452 /* TipCalcTests */,
				1AA3D37C23DDC20800F07452 /* TipCalcUITests */,
				1AA3D35623DDC20300F07452 /* Products */,
				1A0F71E123DDCD1F00B0726D /* Frameworks */,
			);
			sourceTree = "<group>";
		};
		1AA3D35623DDC20300F07452 /* Products */ = {
			isa = PBXGroup;
			children = (
				1AA3D35523DDC20300F07452 /* TipCalc.app */,
				1AA3D36E23DDC20800F07452 /* TipCalcTests.xctest */,
				1AA3D37923DDC20800F07452 /* TipCalcUITests.xctest */,
			);
			name = Products;
			sourceTree = "<group>";
		};
		1AA3D35723DDC20300F07452 /* TipCalc */ = {
			isa = PBXGroup;
			children = (
				1AA3D38B23DDCC5100F07452 /* TipCalc.entitlements */,
				1AA3D35823DDC20300F07452 /* AppDelegate.swift */,
				1AA3D35A23DDC20300F07452 /* SceneDelegate.swift */,
				1A0F71E423DDE8A800B0726D /* TipCalculatorModel.swift */,
				1AA3D35F23DDC20400F07452 /* ContentView.swift */,
				1AA3D36123DDC20800F07452 /* Assets.xcassets */,
				1AA3D36623DDC20800F07452 /* LaunchScreen.storyboard */,
				1AA3D36923DDC20800F07452 /* Info.plist */,
				1AA3D35C23DDC20400F07452 /* TipCalc.xcdatamodeld */,
				1AA3D36323DDC20800F07452 /* Preview Content */,
			);
			path = TipCalc;
			sourceTree = "<group>";
		};
		1AA3D36323DDC20800F07452 /* Preview Content */ = {
			isa = PBXGroup;
			children = (
				1AA3D36423DDC20800F07452 /* Preview Assets.xcassets */,
			);
			path = "Preview Content";
			sourceTree = "<group>";
		};
		1AA3D37123DDC20800F07452 /* TipCalcTests */ = {
			isa = PBXGroup;
			children = (
				1AA3D37223DDC20800F07452 /* TipCalcTests.swift */,
				1AA3D37423DDC20800F07452 /* Info.plist */,
			);
			path = TipCalcTests;
			sourceTree = "<group>";
		};
		1AA3D37C23DDC20800F07452 /* TipCalcUITests */ = {
			isa = PBXGroup;
			children = (
				1AA3D37D23DDC20800F07452 /* TipCalcUITests.swift */,
				1AA3D37F23DDC20800F07452 /* Info.plist */,
			);
			path = TipCalcUITests;
			sourceTree = "<group>";
		};
/* End PBXGroup section */

/* Begin PBXNativeTarget section */
		1AA3D35423DDC20300F07452 /* TipCalc */ = {
			isa = PBXNativeTarget;
			buildConfigurationList = 1AA3D38223DDC20800F07452 /* Build configuration list for PBXNativeTarget "TipCalc" */;
			buildPhases = (
				1AA3D35123DDC20300F07452 /* Sources */,
				1AA3D35223DDC20300F07452 /* Frameworks */,
				1AA3D35323DDC20300F07452 /* Resources */,
			);
			buildRules = (
			);
			dependencies = (
			);
			name = TipCalc;
			productName = TipCalc;
			productReference = 1AA3D35523DDC20300F07452 /* TipCalc.app */;
			productType = "com.apple.product-type.application";
		};
		1AA3D36D23DDC20800F07452 /* TipCalcTests */ = {
			isa = PBXNativeTarget;
			buildConfigurationList = 1AA3D38523DDC20800F07452 /* Build configuration list for PBXNativeTarget "TipCalcTests" */;
			buildPhases = (
				1AA3D36A23DDC20800F07452 /* Sources */,
				1AA3D36B23DDC20800F07452 /* Frameworks */,
				1AA3D36C23DDC20800F07452 /* Resources */,
			);
			buildRules = (
			);
			dependencies = (
				1AA3D37023DDC20800F07452 /* PBXTargetDependency */,
			);
			name = TipCalcTests;
			productName = TipCalcTests;
			productReference = 1AA3D36E23DDC20800F07452 /* TipCalcTests.xctest */;
			productType = "com.apple.product-type.bundle.unit-test";
		};
		1AA3D37823DDC20800F07452 /* TipCalcUITests */ = {
			isa = PBXNativeTarget;
			buildConfigurationList = 1AA3D38823DDC20800F07452 /* Build configuration list for PBXNativeTarget "TipCalcUITests" */;
			buildPhases = (
				1AA3D37523DDC20800F07452 /* Sources */,
				1AA3D37623DDC20800F07452 /* Frameworks */,
				1AA3D37723DDC20800F07452 /* Resources */,
			);
			buildRules = (
			);
			dependencies = (
				1AA3D37B23DDC20800F07452 /* PBXTargetDependency */,
			);
			name = TipCalcUITests;
			productName = TipCalcUITests;
			productReference = 1AA3D37923DDC20800F07452 /* TipCalcUITests.xctest */;
			productType = "com.apple.product-type.bundle.ui-testing";
		};
/* End PBXNativeTarget section */

/* Begin PBXProject section */
		1AA3D34D23DDC20300F07452 /* Project object */ = {
			isa = PBXProject;
			attributes = {
				LastSwiftUpdateCheck = 1130;
				LastUpgradeCheck = 1130;
				ORGANIZATIONNAME = Jin.Yu;
				TargetAttributes = {
					1AA3D35423DDC20300F07452 = {
						CreatedOnToolsVersion = 11.3;
					};
					1AA3D36D23DDC20800F07452 = {
						CreatedOnToolsVersion = 11.3;
						TestTargetID = 1AA3D35423DDC20300F07452;
					};
					1AA3D37823DDC20800F07452 = {
						CreatedOnToolsVersion = 11.3;
						TestTargetID = 1AA3D35423DDC20300F07452;
					};
				};
			};
			buildConfigurationList = 1AA3D35023DDC20300F07452 /* Build configuration list for PBXProject "TipCalc" */;
			compatibilityVersion = "Xcode 9.3";
			developmentRegion = en;
			hasScannedForEncodings = 0;
			knownRegions = (
				en,
				Base,
			);
			mainGroup = 1AA3D34C23DDC20300F07452;
			productRefGroup = 1AA3D35623DDC20300F07452 /* Products */;
			projectDirPath = "";
			projectRoot = "";
			targets = (
				1AA3D35423DDC20300F07452 /* TipCalc */,
				1AA3D36D23DDC20800F07452 /* TipCalcTests */,
				1AA3D37823DDC20800F07452 /* TipCalcUITests */,
			);
		};
/* End PBXProject section */

/* Begin PBXResourcesBuildPhase section */
		1AA3D35323DDC20300F07452 /* Resources */ = {
			isa = PBXResourcesBuildPhase;
			buildActionMask = 2147483647;
			files = (
				1AA3D36823DDC20800F07452 /* LaunchScreen.storyboard in Resources */,
				1AA3D36523DDC20800F07452 /* Preview Assets.xcassets in Resources */,
				1AA3D36223DDC20800F07452 /* Assets.xcassets in Resources */,
			);
			runOnlyForDeploymentPostprocessing = 0;
		};
		1AA3D36C23DDC20800F07452 /* Resources */ = {
			isa = PBXResourcesBuildPhase;
			buildActionMask = 2147483647;
			files = (
			);
			runOnlyForDeploymentPostprocessing = 0;
		};
		1AA3D37723DDC20800F07452 /* Resources */ = {
			isa = PBXResourcesBuildPhase;
			buildActionMask = 2147483647;
			files = (
			);
			runOnlyForDeploymentPostprocessing = 0;
		};
/* End PBXResourcesBuildPhase section */

/* Begin PBXSourcesBuildPhase section */
		1AA3D35123DDC20300F07452 /* Sources */ = {
			isa = PBXSourcesBuildPhase;
			buildActionMask = 2147483647;
			files = (
				1AA3D35E23DDC20400F07452 /* TipCalc.xcdatamodeld in Sources */,
				1AA3D35923DDC20300F07452 /* AppDelegate.swift in Sources */,
				1AA3D36023DDC20400F07452 /* ContentView.swift in Sources */,
				1A0F71E523DDE8A800B0726D /* TipCalculatorModel.swift in Sources */,
				1AA3D35B23DDC20300F07452 /* SceneDelegate.swift in Sources */,
			);
			runOnlyForDeploymentPostprocessing = 0;
		};
		1AA3D36A23DDC20800F07452 /* Sources */ = {
			isa = PBXSourcesBuildPhase;
			buildActionMask = 2147483647;
			files = (
				1AA3D37323DDC20800F07452 /* TipCalcTests.swift in Sources */,
			);
			runOnlyForDeploymentPostprocessing = 0;
		};
		1AA3D37523DDC20800F07452 /* Sources */ = {
			isa = PBXSourcesBuildPhase;
			buildActionMask = 2147483647;
			files = (
				1AA3D37E23DDC20800F07452 /* TipCalcUITests.swift in Sources */,
			);
			runOnlyForDeploymentPostprocessing = 0;
		};
/* End PBXSourcesBuildPhase section */

/* Begin PBXTargetDependency section */
		1AA3D37023DDC20800F07452 /* PBXTargetDependency */ = {
			isa = PBXTargetDependency;
			target = 1AA3D35423DDC20300F07452 /* TipCalc */;
			targetProxy = 1AA3D36F23DDC20800F07452 /* PBXContainerItemProxy */;
		};
		1AA3D37B23DDC20800F07452 /* PBXTargetDependency */ = {
			isa = PBXTargetDependency;
			target = 1AA3D35423DDC20300F07452 /* TipCalc */;
			targetProxy = 1AA3D37A23DDC20800F07452 /* PBXContainerItemProxy */;
		};
/* End PBXTargetDependency section */

/* Begin PBXVariantGroup section */
		1AA3D36623DDC20800F07452 /* LaunchScreen.storyboard */ = {
			isa = PBXVariantGroup;
			children = (
				1AA3D36723DDC20800F07452 /* Base */,
			);
			name = LaunchScreen.storyboard;
			sourceTree = "<group>";
		};
/* End PBXVariantGroup section */

/* Begin XCBuildConfiguration section */
		1AA3D38023DDC20800F07452 /* Debug */ = {
			isa = XCBuildConfiguration;
			buildSettings = {
				ALWAYS_SEARCH_USER_PATHS = NO;
				CLANG_ANALYZER_NONNULL = YES;
				CLANG_ANALYZER_NUMBER_OBJECT_CONVERSION = YES_AGGRESSIVE;
				CLANG_CXX_LANGUAGE_STANDARD = "gnu++14";
				CLANG_CXX_LIBRARY = "libc++";
				CLANG_ENABLE_MODULES = YES;
				CLANG_ENABLE_OBJC_ARC = YES;
				CLANG_ENABLE_OBJC_WEAK = YES;
				CLANG_WARN_BLOCK_CAPTURE_AUTORELEASING = YES;
				CLANG_WARN_BOOL_CONVERSION = YES;
				CLANG_WARN_COMMA = YES;
				CLANG_WARN_CONSTANT_CONVERSION = YES;
				CLANG_WARN_DEPRECATED_OBJC_IMPLEMENTATIONS = YES;
				CLANG_WARN_DIRECT_OBJC_ISA_USAGE = YES_ERROR;
				CLANG_WARN_DOCUMENTATION_COMMENTS = YES;
				CLANG_WARN_EMPTY_BODY = YES;
				CLANG_WARN_ENUM_CONVERSION = YES;
				CLANG_WARN_INFINITE_RECURSION = YES;
				CLANG_WARN_INT_CONVERSION = YES;
				CLANG_WARN_NON_LITERAL_NULL_CONVERSION = YES;
				CLANG_WARN_OBJC_IMPLICIT_RETAIN_SELF = YES;
				CLANG_WARN_OBJC_LITERAL_CONVERSION = YES;
				CLANG_WARN_OBJC_ROOT_CLASS = YES_ERROR;
				CLANG_WARN_RANGE_LOOP_ANALYSIS = YES;
				CLANG_WARN_STRICT_PROTOTYPES = YES;
				CLANG_WARN_SUSPICIOUS_MOVE = YES;
				CLANG_WARN_UNGUARDED_AVAILABILITY = YES_AGGRESSIVE;
				CLANG_WARN_UNREACHABLE_CODE = YES;
				CLANG_WARN__DUPLICATE_METHOD_MATCH = YES;
				COPY_PHASE_STRIP = NO;
				DEBUG_INFORMATION_FORMAT = dwarf;
				ENABLE_STRICT_OBJC_MSGSEND = YES;
				ENABLE_TESTABILITY = YES;
				GCC_C_LANGUAGE_STANDARD = gnu11;
				GCC_DYNAMIC_NO_PIC = NO;
				GCC_NO_COMMON_BLOCKS = YES;
				GCC_OPTIMIZATION_LEVEL = 0;
				GCC_PREPROCESSOR_DEFINITIONS = (
					"DEBUG=1",
					"$(inherited)",
				);
				GCC_WARN_64_TO_32_BIT_CONVERSION = YES;
				GCC_WARN_ABOUT_RETURN_TYPE = YES_ERROR;
				GCC_WARN_UNDECLARED_SELECTOR = YES;
				GCC_WARN_UNINITIALIZED_AUTOS = YES_AGGRESSIVE;
				GCC_WARN_UNUSED_FUNCTION = YES;
				GCC_WARN_UNUSED_VARIABLE = YES;
				IPHONEOS_DEPLOYMENT_TARGET = 13.0;
				MTL_ENABLE_DEBUG_INFO = INCLUDE_SOURCE;
				MTL_FAST_MATH = YES;
				ONLY_ACTIVE_ARCH = YES;
				SDKROOT = iphoneos;
				SWIFT_ACTIVE_COMPILATION_CONDITIONS = DEBUG;
				SWIFT_OPTIMIZATION_LEVEL = "-Onone";
			};
			name = Debug;
		};
		1AA3D38123DDC20800F07452 /* Release */ = {
			isa = XCBuildConfiguration;
			buildSettings = {
				ALWAYS_SEARCH_USER_PATHS = NO;
				CLANG_ANALYZER_NONNULL = YES;
				CLANG_ANALYZER_NUMBER_OBJECT_CONVERSION = YES_AGGRESSIVE;
				CLANG_CXX_LANGUAGE_STANDARD = "gnu++14";
				CLANG_CXX_LIBRARY = "libc++";
				CLANG_ENABLE_MODULES = YES;
				CLANG_ENABLE_OBJC_ARC = YES;
				CLANG_ENABLE_OBJC_WEAK = YES;
				CLANG_WARN_BLOCK_CAPTURE_AUTORELEASING = YES;
				CLANG_WARN_BOOL_CONVERSION = YES;
				CLANG_WARN_COMMA = YES;
				CLANG_WARN_CONSTANT_CONVERSION = YES;
				CLANG_WARN_DEPRECATED_OBJC_IMPLEMENTATIONS = YES;
				CLANG_WARN_DIRECT_OBJC_ISA_USAGE = YES_ERROR;
				CLANG_WARN_DOCUMENTATION_COMMENTS = YES;
				CLANG_WARN_EMPTY_BODY = YES;
				CLANG_WARN_ENUM_CONVERSION = YES;
				CLANG_WARN_INFINITE_RECURSION = YES;
				CLANG_WARN_INT_CONVERSION = YES;
				CLANG_WARN_NON_LITERAL_NULL_CONVERSION = YES;
				CLANG_WARN_OBJC_IMPLICIT_RETAIN_SELF = YES;
				CLANG_WARN_OBJC_LITERAL_CONVERSION = YES;
				CLANG_WARN_OBJC_ROOT_CLASS = YES_ERROR;
				CLANG_WARN_RANGE_LOOP_ANALYSIS = YES;
				CLANG_WARN_STRICT_PROTOTYPES = YES;
				CLANG_WARN_SUSPICIOUS_MOVE = YES;
				CLANG_WARN_UNGUARDED_AVAILABILITY = YES_AGGRESSIVE;
				CLANG_WARN_UNREACHABLE_CODE = YES;
				CLANG_WARN__DUPLICATE_METHOD_MATCH = YES;
				COPY_PHASE_STRIP = NO;
				DEBUG_INFORMATION_FORMAT = "dwarf-with-dsym";
				ENABLE_NS_ASSERTIONS = NO;
				ENABLE_STRICT_OBJC_MSGSEND = YES;
				GCC_C_LANGUAGE_STANDARD = gnu11;
				GCC_NO_COMMON_BLOCKS = YES;
				GCC_WARN_64_TO_32_BIT_CONVERSION = YES;
				GCC_WARN_ABOUT_RETURN_TYPE = YES_ERROR;
				GCC_WARN_UNDECLARED_SELECTOR = YES;
				GCC_WARN_UNINITIALIZED_AUTOS = YES_AGGRESSIVE;
				GCC_WARN_UNUSED_FUNCTION = YES;
				GCC_WARN_UNUSED_VARIABLE = YES;
				IPHONEOS_DEPLOYMENT_TARGET = 13.0;
				MTL_ENABLE_DEBUG_INFO = NO;
				MTL_FAST_MATH = YES;
				SDKROOT = iphoneos;
				SWIFT_COMPILATION_MODE = wholemodule;
				SWIFT_OPTIMIZATION_LEVEL = "-O";
				VALIDATE_PRODUCT = YES;
			};
			name = Release;
		};
		1AA3D38323DDC20800F07452 /* Debug */ = {
			isa = XCBuildConfiguration;
			buildSettings = {
				ASSETCATALOG_COMPILER_APPICON_NAME = AppIcon;
				CODE_SIGN_ENTITLEMENTS = TipCalc/TipCalc.entitlements;
				CODE_SIGN_STYLE = Automatic;
				CURRENT_PROJECT_VERSION = 5;
				DEVELOPMENT_ASSET_PATHS = "\"TipCalc/Preview Content\"";
				DEVELOPMENT_TEAM = 6GW2SW5L9X;
				ENABLE_PREVIEWS = YES;
				INFOPLIST_FILE = TipCalc/Info.plist;
				LD_RUNPATH_SEARCH_PATHS = (
					"$(inherited)",
					"@executable_path/Frameworks",
				);
				MARKETING_VERSION = 1.2;
				PRODUCT_BUNDLE_IDENTIFIER = us.jsy.TipCalc;
				PRODUCT_NAME = "$(TARGET_NAME)";
				SWIFT_VERSION = 5.0;
				TARGETED_DEVICE_FAMILY = 1;
			};
			name = Debug;
		};
		1AA3D38423DDC20800F07452 /* Release */ = {
			isa = XCBuildConfiguration;
			buildSettings = {
				ASSETCATALOG_COMPILER_APPICON_NAME = AppIcon;
				CODE_SIGN_ENTITLEMENTS = TipCalc/TipCalc.entitlements;
				CODE_SIGN_STYLE = Automatic;
				CURRENT_PROJECT_VERSION = 5;
				DEVELOPMENT_ASSET_PATHS = "\"TipCalc/Preview Content\"";
				DEVELOPMENT_TEAM = 6GW2SW5L9X;
				ENABLE_PREVIEWS = YES;
				INFOPLIST_FILE = TipCalc/Info.plist;
				LD_RUNPATH_SEARCH_PATHS = (
					"$(inherited)",
					"@executable_path/Frameworks",
				);
				MARKETING_VERSION = 1.2;
				PRODUCT_BUNDLE_IDENTIFIER = us.jsy.TipCalc;
				PRODUCT_NAME = "$(TARGET_NAME)";
				SWIFT_VERSION = 5.0;
				TARGETED_DEVICE_FAMILY = 1;
			};
			name = Release;
		};
		1AA3D38623DDC20800F07452 /* Debug */ = {
			isa = XCBuildConfiguration;
			buildSettings = {
				ALWAYS_EMBED_SWIFT_STANDARD_LIBRARIES = YES;
				BUNDLE_LOADER = "$(TEST_HOST)";
				CODE_SIGN_STYLE = Automatic;
				DEVELOPMENT_TEAM = 6GW2SW5L9X;
				INFOPLIST_FILE = TipCalcTests/Info.plist;
				IPHONEOS_DEPLOYMENT_TARGET = 13.2;
				LD_RUNPATH_SEARCH_PATHS = (
					"$(inherited)",
					"@executable_path/Frameworks",
					"@loader_path/Frameworks",
				);
				PRODUCT_BUNDLE_IDENTIFIER = us.jsy.TipCalcTests;
				PRODUCT_NAME = "$(TARGET_NAME)";
				SWIFT_VERSION = 5.0;
				TARGETED_DEVICE_FAMILY = "1,2";
				TEST_HOST = "$(BUILT_PRODUCTS_DIR)/TipCalc.app/TipCalc";
			};
			name = Debug;
		};
		1AA3D38723DDC20800F07452 /* Release */ = {
			isa = XCBuildConfiguration;
			buildSettings = {
				ALWAYS_EMBED_SWIFT_STANDARD_LIBRARIES = YES;
				BUNDLE_LOADER = "$(TEST_HOST)";
				CODE_SIGN_STYLE = Automatic;
				DEVELOPMENT_TEAM = 6GW2SW5L9X;
				INFOPLIST_FILE = TipCalcTests/Info.plist;
				IPHONEOS_DEPLOYMENT_TARGET = 13.2;
				LD_RUNPATH_SEARCH_PATHS = (
					"$(inherited)",
					"@executable_path/Frameworks",
					"@loader_path/Frameworks",
				);
				PRODUCT_BUNDLE_IDENTIFIER = us.jsy.TipCalcTests;
				PRODUCT_NAME = "$(TARGET_NAME)";
				SWIFT_VERSION = 5.0;
				TARGETED_DEVICE_FAMILY = "1,2";
				TEST_HOST = "$(BUILT_PRODUCTS_DIR)/TipCalc.app/TipCalc";
			};
			name = Release;
		};
		1AA3D38923DDC20800F07452 /* Debug */ = {
			isa = XCBuildConfiguration;
			buildSettings = {
				ALWAYS_EMBED_SWIFT_STANDARD_LIBRARIES = YES;
				CODE_SIGN_STYLE = Automatic;
				DEVELOPMENT_TEAM = 6GW2SW5L9X;
				INFOPLIST_FILE = TipCalcUITests/Info.plist;
				LD_RUNPATH_SEARCH_PATHS = (
					"$(inherited)",
					"@executable_path/Frameworks",
					"@loader_path/Frameworks",
				);
				PRODUCT_BUNDLE_IDENTIFIER = us.jsy.TipCalcUITests;
				PRODUCT_NAME = "$(TARGET_NAME)";
				SWIFT_VERSION = 5.0;
				TARGETED_DEVICE_FAMILY = "1,2";
				TEST_TARGET_NAME = TipCalc;
			};
			name = Debug;
		};
		1AA3D38A23DDC20800F07452 /* Release */ = {
			isa = XCBuildConfiguration;
			buildSettings = {
				ALWAYS_EMBED_SWIFT_STANDARD_LIBRARIES = YES;
				CODE_SIGN_STYLE = Automatic;
				DEVELOPMENT_TEAM = 6GW2SW5L9X;
				INFOPLIST_FILE = TipCalcUITests/Info.plist;
				LD_RUNPATH_SEARCH_PATHS = (
					"$(inherited)",
					"@executable_path/Frameworks",
					"@loader_path/Frameworks",
				);
				PRODUCT_BUNDLE_IDENTIFIER = us.jsy.TipCalcUITests;
				PRODUCT_NAME = "$(TARGET_NAME)";
				SWIFT_VERSION = 5.0;
				TARGETED_DEVICE_FAMILY = "1,2";
				TEST_TARGET_NAME = TipCalc;
			};
			name = Release;
		};
/* End XCBuildConfiguration section */

/* Begin XCConfigurationList section */
		1AA3D35023DDC20300F07452 /* Build configuration list for PBXProject "TipCalc" */ = {
			isa = XCConfigurationList;
			buildConfigurations = (
				1AA3D38023DDC20800F07452 /* Debug */,
				1AA3D38123DDC20800F07452 /* Release */,
			);
			defaultConfigurationIsVisible = 0;
			defaultConfigurationName = Release;
		};
		1AA3D38223DDC20800F07452 /* Build configuration list for PBXNativeTarget "TipCalc" */ = {
			isa = XCConfigurationList;
			buildConfigurations = (
				1AA3D38323DDC20800F07452 /* Debug */,
				1AA3D38423DDC20800F07452 /* Release */,
			);
			defaultConfigurationIsVisible = 0;
			defaultConfigurationName = Release;
		};
		1AA3D38523DDC20800F07452 /* Build configuration list for PBXNativeTarget "TipCalcTests" */ = {
			isa = XCConfigurationList;
			buildConfigurations = (
				1AA3D38623DDC20800F07452 /* Debug */,
				1AA3D38723DDC20800F07452 /* Release */,
			);
			defaultConfigurationIsVisible = 0;
			defaultConfigurationName = Release;
		};
		1AA3D38823DDC20800F07452 /* Build configuration list for PBXNativeTarget "TipCalcUITests" */ = {
			isa = XCConfigurationList;
			buildConfigurations = (
				1AA3D38923DDC20800F07452 /* Debug */,
				1AA3D38A23DDC20800F07452 /* Release */,
			);
			defaultConfigurationIsVisible = 0;
			defaultConfigurationName = Release;
		};
/* End XCConfigurationList section */

/* Begin XCVersionGroup section */
		1AA3D35C23DDC20400F07452 /* TipCalc.xcdatamodeld */ = {
			isa = XCVersionGroup;
			children = (
				1AA3D35D23DDC20400F07452 /* TipCalc.xcdatamodel */,
			);
			currentVersion = 1AA3D35D23DDC20400F07452 /* TipCalc.xcdatamodel */;
			path = TipCalc.xcdatamodeld;
			sourceTree = "<group>";
			versionGroupType = wrapper.xcdatamodel;
		};
/* End XCVersionGroup section */
	};
	rootObject = 1AA3D34D23DDC20300F07452 /* Project object */;
}
